{
  "version": 2,
  "dependencies": {
    "net10.0-windows7.0": {
      "Microsoft.NET.ILLink.Tasks": {
        "type": "Direct",
        "requested": "[10.0.12, )",
        "resolved": "10.0.12",
        "contentHash": "xi+BDjFpW+Sb+MHFHaH6Y/gV9I8BluFwRXc1QyCdoZbIK26eNiBeFuMTe/FMwc33G1wdHCyDg7CVTmb8OdQrMQ=="
      },
      "Sigstore": {
        "type": "Direct",
        "requested": "[0.5.0, )",
        "resolved": "0.5.0",
        "contentHash": "7BZ2AhSLjXH5peqe08hFrFe82k1QOyx7EWC+Id0dYZeTvoUcl5AGCbajyrJCeJd1bYFSt2pw2KDNkh6Rq6RowA==",
        "dependencies": {
          "NSec.Cryptography": "25.4.0",
          "Tuf": "0.5.0"
        }
      },
      "libsodium": {
        "type": "Transitive",
        "resolved": "1.0.20.1",
        "contentHash": "pkiceEqJDQFHjbga3k/oPfTVX9g+GKJZ1VrkuiLhaymt9YNw1Dr7cX9hNuZuNaWcr9WD0moW55k4pMwzQ7JaZQ=="
      },
      "NSec.Cryptography": {
        "type": "Transitive",
        "resolved": "25.4.0",
        "contentHash": "Z3wPpG0xefMLmhn9T+Ka/EzAmMQPT0THL/5E4lf9cXI/N9rbGH0G23ZFpRcPnD0ast2k7ieG6QSVNIjmfPCXBQ==",
        "dependencies": {
          "libsodium": "[1.0.20.1, 1.0.21)"
        }
      },
      "Tuf": {
        "type": "Transitive",
        "resolved": "0.5.0",
        "contentHash": "ofqkO5YKV36KohAaZf8BeGCN9YcvSG9w6kIbQXhh8D8I+dIUPgUZ4LQEj6xL13WlvZR4hQef6UHMcZyiFMeCsA==",
        "dependencies": {
          "NSec.Cryptography": "25.4.0"
        }
      }
    },
    "net10.0-windows7.0/win-x64": {
      "libsodium": {
        "type": "Transitive",
        "resolved": "1.0.20.1",
        "contentHash": "pkiceEqJDQFHjbga3k/oPfTVX9g+GKJZ1VrkuiLhaymt9YNw1Dr7cX9hNuZuNaWcr9WD0moW55k4pMwzQ7JaZQ=="
      }
    }
  }
}